
Microsoft Visual Studio Solution File, Format Version 12.00
# Visual Studio Version 17
VisualStudioVersion = 17.9.34728.123
MinimumVisualStudioVersion = 10.0.40219.1
Project("{9A19103F-16F7-4668-BE54-9A1E7A4F7556}") = "ContatosDeQuintoGrau", "ContatosDeQuintoGrau\ContatosDeQuintoGrau.csproj", "{6DF45201-12D7-41A7-BFBB-4939E82B65D9}"
EndProject
Project("{2150E333-8FDC-42A3-9474-1A3956D46DE8}") = "Plugins", "Plugins", "{DF7DC772-417D-4ACC-BE4F-7570EB1502BB}"
EndProject
Project("{9A19103F-16F7-4668-BE54-9A1E7A4F7556}") = "ContatosDeQuintoGrau.Plugins.DataStore.InMemory", "ContatosDeQuintoGrau.Plugins.DataStore.InMemory\ContatosDeQuintoGrau.Plugins.DataStore.InMemory.csproj", "{9D9D2280-ABB2-44EC-B925-B0F240032302}"
EndProject
Project("{FAE04EC0-301F-11D3-BF4B-00C04F79EFBC}") = "UseCases", "UseCases\UseCases.csproj", "{6752B60D-7663-4957-B440-E64C9CB75984}"
EndProject
Project("{FAE04EC0-301F-11D3-BF4B-00C04F79EFBC}") = "CoreBusiness", "CoreBusiness\CoreBusiness.csproj", "{907ED77F-36B1-4240-9BC3-7A38A35A288E}"
EndProject
Global
	GlobalSection(SolutionConfigurationPlatforms) = preSolution
		Debug|Any CPU = Debug|Any CPU
		Release|Any CPU = Release|Any CPU
	EndGlobalSection
	GlobalSection(ProjectConfigurationPlatforms) = postSolution
		{6DF45201-12D7-41A7-BFBB-4939E82B65D9}.Debug|Any CPU.ActiveCfg = Debug|Any CPU
		{6DF45201-12D7-41A7-BFBB-4939E82B65D9}.Debug|Any CPU.Build.0 = Debug|Any CPU
		{6DF45201-12D7-41A7-BFBB-4939E82B65D9}.Debug|Any CPU.Deploy.0 = Debug|Any CPU
		{6DF45201-12D7-41A7-BFBB-4939E82B65D9}.Release|Any CPU.ActiveCfg = Release|Any CPU
		{6DF45201-12D7-41A7-BFBB-4939E82B65D9}.Release|Any CPU.Build.0 = Release|Any CPU
		{6DF45201-12D7-41A7-BFBB-4939E82B65D9}.Release|Any CPU.Deploy.0 = Release|Any CPU
		{9D9D2280-ABB2-44EC-B925-B0F240032302}.Debug|Any CPU.ActiveCfg = Debug|Any CPU
		{9D9D2280-ABB2-44EC-B925-B0F240032302}.Debug|Any CPU.Build.0 = Debug|Any CPU
		{9D9D2280-ABB2-44EC-B925-B0F240032302}.Release|Any CPU.ActiveCfg = Release|Any CPU
		{9D9D2280-ABB2-44EC-B925-B0F240032302}.Release|Any CPU.Build.0 = Release|Any CPU
		{6752B60D-7663-4957-B440-E64C9CB75984}.Debug|Any CPU.ActiveCfg = Debug|Any CPU
		{6752B60D-7663-4957-B440-E64C9CB75984}.Debug|Any CPU.Build.0 = Debug|Any CPU
		{6752B60D-7663-4957-B440-E64C9CB75984}.Release|Any CPU.ActiveCfg = Release|Any CPU
		{6752B60D-7663-4957-B440-E64C9CB75984}.Release|Any CPU.Build.0 = Release|Any CPU
		{907ED77F-36B1-4240-9BC3-7A38A35A288E}.Debug|Any CPU.ActiveCfg = Debug|Any CPU
		{907ED77F-36B1-4240-9BC3-7A38A35A288E}.Debug|Any CPU.Build.0 = Debug|Any CPU
		{907ED77F-36B1-4240-9BC3-7A38A35A288E}.Release|Any CPU.ActiveCfg = Release|Any CPU
		{907ED77F-36B1-4240-9BC3-7A38A35A288E}.Release|Any CPU.Build.0 = Release|Any CPU
	EndGlobalSection
	GlobalSection(SolutionProperties) = preSolution
		HideSolutionNode = FALSE
	EndGlobalSection
	GlobalSection(NestedProjects) = preSolution
		{9D9D2280-ABB2-44EC-B925-B0F240032302} = {DF7DC772-417D-4ACC-BE4F-7570EB1502BB}
	EndGlobalSection
	GlobalSection(ExtensibilityGlobals) = postSolution
		SolutionGuid = {4362C316-37CD-4CC3-84C5-50D8BE11F74D}
	EndGlobalSection
EndGlobal
